{
  "version": "4",
  "remote": {
    "https://deno.land/std@0.115.1/_util/assert.ts": "2f868145a042a11d5ad0a3c748dcf580add8a0dbc0e876eaa0026303a5488f58",
    "https://deno.land/std@0.115.1/bytes/bytes_list.ts": "3bff6a09c72b2e0b1e92e29bd3b135053894196cca07a2bba842901073efe5cb",
    "https://deno.land/std@0.115.1/bytes/equals.ts": "69f55fdbd45c71f920c1a621e6c0865dc780cd8ae34e0f5e55a9497b70c31c1b",
    "https://deno.land/std@0.115.1/bytes/mod.ts": "fedb80b8da2e7ad8dd251148e65f92a04c73d6c5a430b7d197dc39588c8dda6f",
    "https://deno.land/std@0.115.1/encoding/csv.ts": "ff71dae0424db6ac38e5faca8dc6fa4c3f5eb501b0e0594c58f2140581311eba",
    "https://deno.land/std@0.115.1/encoding/csv_stringify.ts": "f9fe4889f1b2987c8640b4695d2d8836a978d034708ca90a850d3ec6b800d9ba",
    "https://deno.land/std@0.115.1/io/buffer.ts": "a587093277c889ded709a933cd7d5b6285978275b2015a7cf9c8a3caad464236",
    "https://deno.land/std@0.115.1/io/readers.ts": "17403919724fef2f343c88555606368868a5c752a1099ad801f6a381c170f62d",
    "https://deno.land/std@0.115.1/textproto/mod.ts": "0549e31eacbb354b3b37951d0d24098b2cd0caaf9a6a3a67a0255d7728141522"
  },
  "workspace": {
    "dependencies": [
      "jsr:@std/assert@1"
    ]
  }
}
